
Microsoft Visual Studio Solution File, Format Version 12.00
# Visual Studio Version 17
VisualStudioVersion = 17.3.32929.385
MinimumVisualStudioVersion = 10.0.40219.1
Project("{FAE04EC0-301F-11D3-BF4B-00C04F79EFBC}") = "dtp8_MUD_0", "dtp8_MUD_0\dtp8_MUD_0.csproj", "{9AA67691-07A3-470B-A442-3DD5F8608A57}"
EndProject
Global
	GlobalSection(SolutionConfigurationPlatforms) = preSolution
		Debug|Any CPU = Debug|Any CPU
		Release|Any CPU = Release|Any CPU
	EndGlobalSection
	GlobalSection(ProjectConfigurationPlatforms) = postSolution
		{9AA67691-07A3-470B-A442-3DD5F8608A57}.Debug|Any CPU.ActiveCfg = Debug|Any CPU
		{9AA67691-07A3-470B-A442-3DD5F8608A57}.Debug|Any CPU.Build.0 = Debug|Any CPU
		{9AA67691-07A3-470B-A442-3DD5F8608A57}.Release|Any CPU.ActiveCfg = Release|Any CPU
		{9AA67691-07A3-470B-A442-3DD5F8608A57}.Release|Any CPU.Build.0 = Release|Any CPU
	EndGlobalSection
	GlobalSection(SolutionProperties) = preSolution
		HideSolutionNode = FALSE
	EndGlobalSection
	GlobalSection(ExtensibilityGlobals) = postSolution
		SolutionGuid = {D7BC6E61-B9CC-4AEF-9083-F57C503415D0}
	EndGlobalSection
EndGlobal
